{
  "version": "5",
  "redirects": {
    "https://deno.land/std/http/server.ts": "https://deno.land/std@0.224.0/http/server.ts",
    "https://deno.land/x/gotrue/mod.ts": "https://deno.land/x/gotrue@3.0.0/mod.ts",
    "https://deno.land/x/postgrest/mod.ts": "https://deno.land/x/postgrest@1.1.0/mod.ts",
    "https://deno.land/x/realtime/mod.ts": "https://deno.land/x/realtime@1.2.0/mod.ts",
    "https://deno.land/x/storagee/mod.ts": "https://deno.land/x/storagee@1.3.0/mod.ts",
    "https://esm.sh/@supabase/functions-js@^2.1.5?target=denonext": "https://esm.sh/@supabase/functions-js@2.4.4?target=denonext",
    "https://esm.sh/@supabase/gotrue-js@^2.56.0?target=denonext": "https://esm.sh/@supabase/gotrue-js@2.70.0?target=denonext",
    "https://esm.sh/@supabase/node-fetch@^2.6.14?target=denonext": "https://esm.sh/@supabase/node-fetch@2.6.15?target=denonext",
    "https://esm.sh/@supabase/postgrest-js@^1.8.5?target=denonext": "https://esm.sh/@supabase/postgrest-js@1.19.4?target=denonext",
    "https://esm.sh/@supabase/realtime-js@^2.8.2?target=denonext": "https://esm.sh/@supabase/realtime-js@2.11.10?target=denonext",
    "https://esm.sh/@supabase/storage-js@^2.5.4?target=denonext": "https://esm.sh/@supabase/storage-js@2.7.3?target=denonext",
    "https://esm.sh/@supabase/supabase-js": "https://esm.sh/@supabase/supabase-js@2.49.10",
    "https://esm.sh/@types/ws@~8.18.1/index.d.mts": "https://esm.sh/@types/ws@8.18.1/index.d.mts",
    "https://esm.sh/bufferutil@^4.0.1?target=denonext": "https://esm.sh/bufferutil@4.0.9?target=denonext",
    "https://esm.sh/node-gyp-build@^4.3.0?target=denonext": "https://esm.sh/node-gyp-build@4.8.4?target=denonext",
    "https://esm.sh/tr46@~0.0.3?target=denonext": "https://esm.sh/tr46@0.0.3?target=denonext",
    "https://esm.sh/utf-8-validate@%3E=5.0.2?target=denonext": "https://esm.sh/utf-8-validate@6.0.5?target=denonext",
    "https://esm.sh/webidl-conversions@^3.0.0?target=denonext": "https://esm.sh/webidl-conversions@3.0.1?target=denonext",
    "https://esm.sh/whatwg-url@^5.0.0?target=denonext": "https://esm.sh/whatwg-url@5.0.0?target=denonext",
    "https://esm.sh/ws@^8.18.2?target=denonext": "https://esm.sh/ws@8.18.2?target=denonext"
  },
  "remote": {
    "https://deno.land/std@0.113.0/_util/assert.ts": "2f868145a042a11d5ad0a3c748dcf580add8a0dbc0e876eaa0026303a5488f58",
    "https://deno.land/std@0.113.0/bytes/bytes_list.ts": "3bff6a09c72b2e0b1e92e29bd3b135053894196cca07a2bba842901073efe5cb",
    "https://deno.land/std@0.113.0/bytes/equals.ts": "69f55fdbd45c71f920c1a621e6c0865dc780cd8ae34e0f5e55a9497b70c31c1b",
    "https://deno.land/std@0.113.0/bytes/mod.ts": "fedb80b8da2e7ad8dd251148e65f92a04c73d6c5a430b7d197dc39588c8dda6f",
    "https://deno.land/std@0.113.0/fmt/colors.ts": "8368ddf2d48dfe413ffd04cdbb7ae6a1009cf0dccc9c7ff1d76259d9c61a0621",
    "https://deno.land/std@0.113.0/io/buffer.ts": "a587093277c889ded709a933cd7d5b6285978275b2015a7cf9c8a3caad464236",
    "https://deno.land/std@0.113.0/io/files.ts": "8794bf6014e6f3183fc5433926dfef4a50eb8d3ec3b6736ebb4277e5f0ce3420",
    "https://deno.land/std@0.113.0/io/mod.ts": "15804a7fe4d00c3a8c3ffa281845a2d0341414336d5c10e668d1a1c8ecec4114",
    "https://deno.land/std@0.113.0/io/readers.ts": "17403919724fef2f343c88555606368868a5c752a1099ad801f6a381c170f62d",
    "https://deno.land/std@0.113.0/io/streams.ts": "531a435ca1b3586e113151fbbd28f225720f4836f6002650b1ad4b18fb63ac1b",
    "https://deno.land/std@0.113.0/io/util.ts": "419c0c176b743709cd1a7f41326b619d1575dddbaebe89d8a70718ca9f03487e",
    "https://deno.land/std@0.113.0/io/writers.ts": "10067b4e637c602c0ae6bb3b8285da76edeb988f43add4ec4b969c76e17d8a98",
    "https://deno.land/std@0.113.0/streams/conversion.ts": "fe0059ed9d3c53eda4ba44eb71a6a9acb98c5fdb5ba1b6c6ab28004724c7641b",
    "https://deno.land/std@0.113.0/testing/_diff.ts": "ccd6c3af6e44c74bf1591acb1361995f5f50df64323a6e7fb3f16c8ea792c940",
    "https://deno.land/std@0.113.0/testing/asserts.ts": "550c71c634c608cffabf9e50520435cf03ff4bbd1db1253b0ade4debb444b131",
    "https://deno.land/std@0.224.0/async/delay.ts": "f90dd685b97c2f142b8069082993e437b1602b8e2561134827eeb7c12b95c499",
    "https://deno.land/std@0.224.0/http/server.ts": "f9313804bf6467a1704f45f76cb6cd0a3396a3b31c316035e6a4c2035d1ea514",
    "https://deno.land/x/gotrue@3.0.0/mod.ts": "878db4a2be913f69d5c0fd553888b60f34c62841ad051bd4a5144ec813f8f3f3",
    "https://deno.land/x/gotrue@3.0.0/src/GoTrueApi.ts": "311a89687b560e70ad510380c16264a30703bc646028af004c0d422ed05d468e",
    "https://deno.land/x/gotrue@3.0.0/src/GoTrueClient.ts": "b93bf389cdfdc006f3d19871d3c55d68d6f7391cc4f4eb545cb41244595bb1e3",
    "https://deno.land/x/gotrue@3.0.0/src/index.ts": "e265079e69832bd355eb860f92bcde71df7bf4448db90ee741af7a40e96e371f",
    "https://deno.land/x/gotrue@3.0.0/src/lib/constants.ts": "99fe1f45b74943e73f123766f210f0b4ce46671c279d8f7a30c1d8943f0fdbb7",
    "https://deno.land/x/gotrue@3.0.0/src/lib/cookies.ts": "ef8d1ca008be5773a2f2e5d56a47cbc4b23d102cd525360fe3677fe331cd7392",
    "https://deno.land/x/gotrue@3.0.0/src/lib/fetch.ts": "c0faad273e3fbb2e2fde34c3cd24ba3fd4863133547f0b5e7ebf3434fa50ae37",
    "https://deno.land/x/gotrue@3.0.0/src/lib/helpers.ts": "f00d0205d0f6ba689e30112df0daf99813c627588ffd00a47a72558ff807ee5d",
    "https://deno.land/x/gotrue@3.0.0/src/lib/polyfills.ts": "b9763999b65aa7a8f6929fce91f7da7084544891ea0428692e7d7ba055127f40",
    "https://deno.land/x/gotrue@3.0.0/src/lib/types.ts": "a0d54dff78e6d067e630cf9c369879169debfe408488b2f87a47674749479ec5",
    "https://deno.land/x/postgrest@1.1.0/mod.ts": "f9083310fb2a7a277a12ca55969a89e176d6c74e73c08e72e269d2b5001cb29e",
    "https://deno.land/x/postgrest@1.1.0/src/PostgrestClient.ts": "28e6e6ee086f9d747c787019151291ba1415319ea611612bd1c484c9e6c5c38b",
    "https://deno.land/x/postgrest@1.1.0/src/lib/PostgrestFilterBuilder.ts": "c1b96f3f33623d7a41f176ca5f1cd202d858375941abc7e545e63056ccac0aef",
    "https://deno.land/x/postgrest@1.1.0/src/lib/PostgrestQueryBuilder.ts": "5c3df0b7a048b6c8a0b369d5969dd462244639ad90b8f0e5d34dd36573cc512c",
    "https://deno.land/x/postgrest@1.1.0/src/lib/PostgrestRpcBuilder.ts": "b34554456391e71caddbd7fa9135410db15f783371d0d280da481e0499fa0a75",
    "https://deno.land/x/postgrest@1.1.0/src/lib/PostgrestTransformBuilder.ts": "ca55d538d213f84c593f0e92386cdd092aa0dd5daec3fd039cec5372854d9b7b",
    "https://deno.land/x/postgrest@1.1.0/src/lib/constants.ts": "573a8b73d9985a007159cbaff1babbc14a7fee39c3185c52c03292d0244f7bdf",
    "https://deno.land/x/postgrest@1.1.0/src/lib/types.ts": "a81dae9675ef2d58307296038258d934b918db83bfc570f151a14cda2a260b4d",
    "https://deno.land/x/postgrest@1.1.0/src/mod.ts": "de0d415622414fa6286ad6a3f3316fde2e768e0f7b660e21646d27e75b9c0bd2",
    "https://deno.land/x/realtime@1.2.0/mod.ts": "878db4a2be913f69d5c0fd553888b60f34c62841ad051bd4a5144ec813f8f3f3",
    "https://deno.land/x/realtime@1.2.0/src/RealtimeClient.ts": "d02ca6a0116f1f2e9e0436cdb27b61923540645d1fcf538d1c99c692a236078c",
    "https://deno.land/x/realtime@1.2.0/src/RealtimeSubscription.ts": "09811ef6b1df80b35772fb9052bc9186f801728402b435e0555e1f6ce97f3350",
    "https://deno.land/x/realtime@1.2.0/src/index.ts": "81afade42625525638217b2bcf944fbd1cd29151673e2f0090d6a4797e3f29cf",
    "https://deno.land/x/realtime@1.2.0/src/lib/constants.ts": "0ede41b36795854f703eda96d5260e1732e50ec4cbe134b81dadce6ecf053cf7",
    "https://deno.land/x/realtime@1.2.0/src/lib/push.ts": "f6dc8535cb58cfe360eb35ae90bbf805e1678d2b6cefde8ea03d5b813f8e9acc",
    "https://deno.land/x/realtime@1.2.0/src/lib/serializer.ts": "a3c839241029542123fed612c65c0b483e3d7c4faf3dd596efbe0d3b1e825ee6",
    "https://deno.land/x/realtime@1.2.0/src/lib/timer.ts": "c6a72cda7071ae39217941aa5faa38146d861f208b7a9423e1726f45a44b46a4",
    "https://deno.land/x/realtime@1.2.0/src/lib/transformers.ts": "4be824aa14b466c8ed05b3c5a7bfa217174f67474f099b078e854b77de424bd7",
    "https://deno.land/x/storagee@1.3.0/mod.ts": "cac8e55ad9db1ea74f90c1a39bfecee793dc4a02faba5f75a31ca64804ec5d68",
    "https://deno.land/x/storagee@1.3.0/src/SupabaseStorageClient.ts": "b568d022b88272f38a3c67f662ad81be849f2f77d83c5cf5b1cca2dafdab66b3",
    "https://deno.land/x/storagee@1.3.0/src/index.ts": "62a2481f4ee9171f3851e8d6a1e16fdc0ada9f07c7f7a9480f530f138bd085bf",
    "https://deno.land/x/storagee@1.3.0/src/lib/StorageBucketApi.ts": "86559cc71b48b70633345516f89a059ce40416e32dd024b8fb6015055e94643e",
    "https://deno.land/x/storagee@1.3.0/src/lib/StorageFileApi.ts": "172e93ced916127764b7e672ffa78ee4e8119456023aabf726d6ac31b63c0d45",
    "https://deno.land/x/storagee@1.3.0/src/lib/constants.ts": "8937d4bfedb886f30b360af54eaadf85615afcff794335dab81b4803b80699e1",
    "https://deno.land/x/storagee@1.3.0/src/lib/fetch.ts": "d8baf400957b23c6d4c65a1b5182036e7afbdb05df96fdde6b8e57049f81e0f8",
    "https://deno.land/x/storagee@1.3.0/src/lib/index.ts": "618fbbff5e331af2d83a660d8af5efeb3eecbf36cbea7113da62e5cbe19b9ab9",
    "https://deno.land/x/storagee@1.3.0/src/lib/types.ts": "05446bd537640e2b92dd271e055d1a06dea1360a72699cf410d208ae44ac02dd",
    "https://deno.land/x/supabase@1.3.1/mod.ts": "878db4a2be913f69d5c0fd553888b60f34c62841ad051bd4a5144ec813f8f3f3",
    "https://deno.land/x/supabase@1.3.1/src/SupabaseClient.ts": "17b7f0b80e000d2cc3641d2791cab62117a08ec4ad1ddba86441917d7c9ef823",
    "https://deno.land/x/supabase@1.3.1/src/index.ts": "379a4f5b741d52eec4142b86163f180aab10653036d1b5f569a0cfb101502070",
    "https://deno.land/x/supabase@1.3.1/src/lib/SupabaseAuthClient.ts": "c2f0697733536c973ce1edc6e0fe845f4e144a380bd4cc54cebe8250acb51f92",
    "https://deno.land/x/supabase@1.3.1/src/lib/SupabaseQueryBuilder.ts": "006e9e210037aa7bf3453662eeff941ba404630ca7f3938fa7c847a188551879",
    "https://deno.land/x/supabase@1.3.1/src/lib/SupabaseRealtimeClient.ts": "1ea972819b20bbe290d91510a5ed39030a7edf28b6931163784dcf82f5d37f3b",
    "https://deno.land/x/supabase@1.3.1/src/lib/constants.ts": "47513524131dd0f16027591334900d3847eb7df3ce735b18ca20990531878dab",
    "https://deno.land/x/supabase@1.3.1/src/lib/types.ts": "373e29fe76e7bdd9eab01d8e154e8da39da1bfad213245a5dbf5141aa65e8cb2",
    "https://esm.sh/@supabase/auth-js@2.69.1/denonext/auth-js.mjs": "fb31c3925437753f5a8a90fc57ea24dc5b68b2b295e696123b1b6a635b7b3ada",
    "https://esm.sh/@supabase/functions-js@2.4.4/denonext/functions-js.mjs": "7adeb257410ef3c4a8a1eb9b4ff416c0075d1c32860ca04913c8a9dace1de6a6",
    "https://esm.sh/@supabase/functions-js@2.4.4?target=denonext": "e2476c61b8afb50cd0987ff03900f48daa646706d6bad319c347e38870b9e72b",
    "https://esm.sh/@supabase/gotrue-js@2.70.0/denonext/gotrue-js.mjs": "98f35291588b46acaf1a109d92b2f4423609595aba9a2ef8be611b413df03201",
    "https://esm.sh/@supabase/gotrue-js@2.70.0?target=denonext": "05513b9349789ef1cf6284457abbe0a864601da43ce79986ca028c1699489020",
    "https://esm.sh/@supabase/node-fetch@2.6.15/denonext/node-fetch.mjs": "0bae9052231f4f6dbccc7234d05ea96923dbf967be12f402764580b6bf9f713d",
    "https://esm.sh/@supabase/node-fetch@2.6.15?target=denonext": "4d28c4ad97328403184353f68434f2b6973971507919e9150297413664919cf3",
    "https://esm.sh/@supabase/postgrest-js@1.19.4/denonext/postgrest-js.mjs": "2073b5552ba10c7a8302bffffae771e3aede1daf833382355dae239fb0ab2576",
    "https://esm.sh/@supabase/postgrest-js@1.19.4?target=denonext": "b526be6f497dc0c461937d1f877cf2e2ebf5dbd92cf2af098fc22a6362a9a569",
    "https://esm.sh/@supabase/realtime-js@2.11.10/denonext/realtime-js.mjs": "23ab7d3a2cda22a65d0ed48e8adea547cc967bf4d2e32fd0af522563bdf77c24",
    "https://esm.sh/@supabase/realtime-js@2.11.10?target=denonext": "f777d457bbf95497018ac64246e8e0ca5c4b06e01a19fa436a2f5cd73da2c407",
    "https://esm.sh/@supabase/storage-js@2.7.1/denonext/storage-js.mjs": "73ac8cdc95cfcd794fe603dbd7ce06d539ab51538ae6467eabe0f9cc26c993aa",
    "https://esm.sh/@supabase/storage-js@2.7.3/denonext/storage-js.mjs": "566d6e1c95b4747ed1dd39a9d49397b011bda21167f946772665e5e0abcff69c",
    "https://esm.sh/@supabase/storage-js@2.7.3?target=denonext": "c090cd9da74382e43b4af17d607ba2723ce7616a0bdab6f4439778ac03e10e13",
    "https://esm.sh/@supabase/supabase-js@2.38.3": "36c02a67b4119f4d37e449d39797f6685d30dafe964ccff30b680cdd6e99cf07",
    "https://esm.sh/@supabase/supabase-js@2.38.3/denonext/supabase-js.mjs": "e5adb8bed69afe4a5525d1de6394ebc1f5ebf8cb0198518f51a11113350c750e",
    "https://esm.sh/@supabase/supabase-js@2.49.10": "3d8e4ccfc30e9dbd8d1c47da2160296cc9d0a32f0b5bb1118a6c22fe8e8d1500",
    "https://esm.sh/@supabase/supabase-js@2.49.10/denonext/supabase-js.mjs": "595beaa05a2420492179686af154d930761a30adf6bc4b061376b6c728c296a4",
    "https://esm.sh/bufferutil@4.0.9/denonext/bufferutil.mjs": "13dca4d5bb2c68cbe119f880fa3bd785b9a81a8e02e0834dae604b4b85295cd8",
    "https://esm.sh/bufferutil@4.0.9?target=denonext": "e32574569ab438facfcc3f412c659b0719bbf05477136ca176938c9a3ac45125",
    "https://esm.sh/node-gyp-build@4.8.4/denonext/node-gyp-build.mjs": "9a86f2d044fc77bd60aaa3d697c2ba1b818da5fb1b9aaeedec59a40b8e908803",
    "https://esm.sh/node-gyp-build@4.8.4?target=denonext": "261a6cedf1fdbf159798141ba1e2311ac1510682c5c8b55dacc8cf5fdee4aa06",
    "https://esm.sh/tr46@0.0.3/denonext/tr46.mjs": "5753ec0a99414f4055f0c1f97691100f13d88e48a8443b00aebb90a512785fa2",
    "https://esm.sh/tr46@0.0.3?target=denonext": "19cb9be0f0d418a0c3abb81f2df31f080e9540a04e43b0f699bce1149cba0cbb",
    "https://esm.sh/utf-8-validate@6.0.5/denonext/utf-8-validate.mjs": "66b8ea532a0c745068f5b96ddb1bae332c3036703243541d2e89e66331974d98",
    "https://esm.sh/utf-8-validate@6.0.5?target=denonext": "071bc33ba1a58297e23a34d69dd589fd06df04b0f373b382ff5da544a623f271",
    "https://esm.sh/webidl-conversions@3.0.1/denonext/webidl-conversions.mjs": "54b5c2d50a294853c4ccebf9d5ed8988c94f4e24e463d84ec859a866ea5fafec",
    "https://esm.sh/webidl-conversions@3.0.1?target=denonext": "4e20318d50528084616c79d7b3f6e7f0fe7b6d09013bd01b3974d7448d767e29",
    "https://esm.sh/whatwg-url@5.0.0/denonext/whatwg-url.mjs": "29b16d74ee72624c915745bbd25b617cfd2248c6af0f5120d131e232a9a9af79",
    "https://esm.sh/whatwg-url@5.0.0?target=denonext": "f001a2cadf81312d214ca330033f474e74d81a003e21e8c5d70a1f46dc97b02d",
    "https://esm.sh/ws@8.18.2/denonext/ws.mjs": "b9211ecb1511b09f418c1330920c66800b66710b2cd2997b64b7e0525bd895d2",
    "https://esm.sh/ws@8.18.2?target=denonext": "2ee7b1bb11543dda3e7e1c685ad8599b6f18aea785302374c3def5da468a1e51"
  },
  "workspace": {
    "packageJson": {
      "dependencies": [
        "npm:@codemirror/lang-cpp@^6.0.2",
        "npm:@codemirror/lang-javascript@^6.2.4",
        "npm:@codemirror/lang-python@^6.2.1",
        "npm:@hookform/resolvers@^5.0.1",
        "npm:@radix-ui/react-checkbox@^1.1.1",
        "npm:@radix-ui/react-dropdown-menu@^2.1.1",
        "npm:@radix-ui/react-label@^2.1.0",
        "npm:@radix-ui/react-slot@^1.1.0",
        "npm:@supabase/ssr@latest",
        "npm:@supabase/supabase-js@latest",
        "npm:@tanstack/react-query@^5.75.4",
        "npm:@tsparticles/react@3",
        "npm:@tsparticles/slim@^3.8.1",
        "npm:@types/node@^22.10.2",
        "npm:@types/react-dom@19.0.2",
        "npm:@types/react@^19.0.2",
        "npm:@uiw/react-codemirror@^4.23.12",
        "npm:autoprefixer@10.4.20",
        "npm:class-variance-authority@0.7",
        "npm:clsx@^2.1.1",
        "npm:daisyui@^5.0.35",
        "npm:framer-motion@^12.10.5",
        "npm:lucide-react@0.468",
        "npm:lucide@0.510",
        "npm:next-seo@^6.6.0",
        "npm:next-themes@~0.4.3",
        "npm:next@^15.3.2",
        "npm:postcss@8.4.49",
        "npm:prettier@^3.3.3",
        "npm:react-dom@^19.1.0",
        "npm:react-hook-form@^7.56.3",
        "npm:react-resizable-panels@^3.0.2",
        "npm:react@^19.1.0",
        "npm:supabase@^2.24.3",
        "npm:tailwind-merge@^2.5.2",
        "npm:tailwindcss-animate@^1.0.7",
        "npm:tailwindcss@3.4.17",
        "npm:typescript@5.7.2",
        "npm:zod@^3.24.4"
      ]
    }
  }
}
